
Microsoft Visual Studio Solution File, Format Version 12.00
# Visual Studio Version 17
VisualStudioVersion = 17.13.35919.96
MinimumVisualStudioVersion = 10.0.40219.1
Project("{9A19103F-16F7-4668-BE54-9A1E7A4F7556}") = "Bartendro.Web", "Bartendro.Web\Bartendro.Web.csproj", "{10DB43C5-5AC4-4BE5-B698-E2E16F2429C6}"
EndProject
Project("{9A19103F-16F7-4668-BE54-9A1E7A4F7556}") = "Bartendro.Data", "Bartendro.Data\Bartendro.Data.csproj", "{73851C55-D6F7-4C1B-8C0A-AF09735C4533}"
EndProject
Project("{9A19103F-16F7-4668-BE54-9A1E7A4F7556}") = "Bartendro.Common", "Bartendro.Common\Bartendro.Common.csproj", "{5E245FBC-57DB-434E-B3F9-1809F1FF6C74}"
EndProject
Project("{2150E333-8FDC-42A3-9474-1A3956D46DE8}") = "Solution Items", "Solution Items", "{E9596F14-96EC-443C-9329-88976279752A}"
	ProjectSection(SolutionItems) = preProject
		.editorconfig = .editorconfig
		Directory.Build.props = Directory.Build.props
		Directory.Packages.props = Directory.Packages.props
	EndProjectSection
EndProject
Project("{FAE04EC0-301F-11D3-BF4B-00C04F79EFBC}") = "BlazorApp2", "BlazorApp2\BlazorApp2.csproj", "{3DDD29FA-F9FB-4133-B2B5-B6F4088D813A}"
EndProject
Project("{FAE04EC0-301F-11D3-BF4B-00C04F79EFBC}") = "Bartendro.Application", "Bartendro.Application\Bartendro.Application.csproj", "{1E26BA72-9569-4259-A330-CD8DC7404B5A}"
EndProject
Global
	GlobalSection(SolutionConfigurationPlatforms) = preSolution
		Debug|Any CPU = Debug|Any CPU
		Release|Any CPU = Release|Any CPU
	EndGlobalSection
	GlobalSection(ProjectConfigurationPlatforms) = postSolution
		{10DB43C5-5AC4-4BE5-B698-E2E16F2429C6}.Debug|Any CPU.ActiveCfg = Debug|Any CPU
		{10DB43C5-5AC4-4BE5-B698-E2E16F2429C6}.Debug|Any CPU.Build.0 = Debug|Any CPU
		{10DB43C5-5AC4-4BE5-B698-E2E16F2429C6}.Release|Any CPU.ActiveCfg = Release|Any CPU
		{10DB43C5-5AC4-4BE5-B698-E2E16F2429C6}.Release|Any CPU.Build.0 = Release|Any CPU
		{73851C55-D6F7-4C1B-8C0A-AF09735C4533}.Debug|Any CPU.ActiveCfg = Debug|Any CPU
		{73851C55-D6F7-4C1B-8C0A-AF09735C4533}.Debug|Any CPU.Build.0 = Debug|Any CPU
		{73851C55-D6F7-4C1B-8C0A-AF09735C4533}.Release|Any CPU.ActiveCfg = Release|Any CPU
		{73851C55-D6F7-4C1B-8C0A-AF09735C4533}.Release|Any CPU.Build.0 = Release|Any CPU
		{5E245FBC-57DB-434E-B3F9-1809F1FF6C74}.Debug|Any CPU.ActiveCfg = Debug|Any CPU
		{5E245FBC-57DB-434E-B3F9-1809F1FF6C74}.Debug|Any CPU.Build.0 = Debug|Any CPU
		{5E245FBC-57DB-434E-B3F9-1809F1FF6C74}.Release|Any CPU.ActiveCfg = Release|Any CPU
		{5E245FBC-57DB-434E-B3F9-1809F1FF6C74}.Release|Any CPU.Build.0 = Release|Any CPU
		{3DDD29FA-F9FB-4133-B2B5-B6F4088D813A}.Debug|Any CPU.ActiveCfg = Debug|Any CPU
		{3DDD29FA-F9FB-4133-B2B5-B6F4088D813A}.Debug|Any CPU.Build.0 = Debug|Any CPU
		{3DDD29FA-F9FB-4133-B2B5-B6F4088D813A}.Release|Any CPU.ActiveCfg = Release|Any CPU
		{3DDD29FA-F9FB-4133-B2B5-B6F4088D813A}.Release|Any CPU.Build.0 = Release|Any CPU
		{1E26BA72-9569-4259-A330-CD8DC7404B5A}.Debug|Any CPU.ActiveCfg = Debug|Any CPU
		{1E26BA72-9569-4259-A330-CD8DC7404B5A}.Debug|Any CPU.Build.0 = Debug|Any CPU
		{1E26BA72-9569-4259-A330-CD8DC7404B5A}.Release|Any CPU.ActiveCfg = Release|Any CPU
		{1E26BA72-9569-4259-A330-CD8DC7404B5A}.Release|Any CPU.Build.0 = Release|Any CPU
	EndGlobalSection
	GlobalSection(SolutionProperties) = preSolution
		HideSolutionNode = FALSE
	EndGlobalSection
	GlobalSection(ExtensibilityGlobals) = postSolution
		SolutionGuid = {4E14C715-E48F-4C28-9E01-2170FB69C2E3}
	EndGlobalSection
EndGlobal
